<?xml version="1.0" encoding="UTF-8"?>
<Scheme
   LastUpgradeVersion = "0620"
   version = "2.0">
   <BuildAction
      parallelizeBuildables = "YES"
      buildImplicitDependencies = "YES">
      <BuildActionEntries>
         <BuildActionEntry
            buildForTesting = "YES"
            buildForRunning = "YES"
            buildForProfiling = "YES"
            buildForArchiving = "YES"
            buildForAnalyzing = "YES">
            <BuildableReference
               BuildableIdentifier = "primary"
               BlueprintIdentifier = "3A4D8C9A1AB77963005ED6BF"
               BuildableName = "CNNMoney WatchKit App.app"
               BlueprintName = "CNNMoney WatchKit App"
               ReferencedContainer = "container:CNNMoney.xcodeproj">
            </BuildableReference>
         </BuildActionEntry>
         <BuildActionEntry
            buildForTesting = "YES"
            buildForRunning = "YES"
            buildForProfiling = "YES"
            buildForArchiving = "YES"
            buildForAnalyzing = "YES">
            <BuildableReference
               BuildableIdentifier = "primary"
               BlueprintIdentifier = "3A4D8C881AB77963005ED6BF"
               BuildableName = "CNNMoney WatchKit Extension.appex"
               BlueprintName = "CNNMoney WatchKit Extension"
               ReferencedContainer = "container:CNNMoney.xcodeproj">
            </BuildableReference>
         </BuildActionEntry>
         <BuildActionEntry
            buildForTesting = "YES"
            buildForRunning = "YES"
            buildForProfiling = "YES"
            buildForArchiving = "YES"
            buildForAnalyzing = "YES">
            <BuildableReference
               BuildableIdentifier = "primary"
               BlueprintIdentifier = "3A4D8C5B1AB778F9005ED6BF"
               BuildableName = "CNNMoney.app"
               BlueprintName = "CNNMoney"
               ReferencedContainer = "container:CNNMoney.xcodeproj">
            </BuildableReference>
         </BuildActionEntry>
      </BuildActionEntries>
   </BuildAction>
   <TestAction
      selectedDebuggerIdentifier = "Xcode.DebuggerFoundation.Debugger.LLDB"
      selectedLauncherIdentifier = "Xcode.DebuggerFoundation.Launcher.LLDB"
      shouldUseLaunchSchemeArgsEnv = "YES"
      buildConfiguration = "Debug">
      <Testables>
      </Testables>
      <MacroExpansion>
         <BuildableReference
            BuildableIdentifier = "primary"
            BlueprintIdentifier = "3A4D8C9A1AB77963005ED6BF"
            BuildableName = "CNNMoney WatchKit App.app"
            BlueprintName = "CNNMoney WatchKit App"
            ReferencedContainer = "container:CNNMoney.xcodeproj">
         </BuildableReference>
      </MacroExpansion>
   </TestAction>
   <LaunchAction
      selectedDebuggerIdentifier = "Xcode.DebuggerFoundation.Debugger.LLDB"
      selectedLauncherIdentifier = "Xcode.DebuggerFoundation.Launcher.LLDB"
      launchStyle = "0"
      useCustomWorkingDirectory = "NO"
      buildConfiguration = "Debug"
      ignoresPersistentStateOnLaunch = "NO"
      debugDocumentVersioning = "YES"
      allowLocationSimulation = "YES"
      launchAutomaticallySubstyle = "4"
      notificationPayloadFile = "CNNMoney WatchKit Extension/PushNotificationPayload.apns">
      <RemoteRunnable
         runnableDebuggingMode = "2"
         BundleIdentifier = "com.apple.springboard"
         RemotePath = "/CNNMoney">
         <BuildableReference
            BuildableIdentifier = "primary"
            BlueprintIdentifier = "3A4D8C9A1AB77963005ED6BF"
            BuildableName = "CNNMoney WatchKit App.app"
            BlueprintName = "CNNMoney WatchKit App"
            ReferencedContainer = "container:CNNMoney.xcodeproj">
         </BuildableReference>
      </RemoteRunnable>
      <MacroExpansion>
         <BuildableReference
            BuildableIdentifier = "primary"
            BlueprintIdentifier = "3A4D8C9A1AB77963005ED6BF"
            BuildableName = "CNNMoney WatchKit App.app"
            BlueprintName = "CNNMoney WatchKit App"
            ReferencedContainer = "container:CNNMoney.xcodeproj">
         </BuildableReference>
      </MacroExpansion>
      <AdditionalOptions>
      </AdditionalOptions>
   </LaunchAction>
   <ProfileAction
      shouldUseLaunchSchemeArgsEnv = "YES"
      savedToolIdentifier = ""
      useCustomWorkingDirectory = "NO"
      buildConfiguration = "Release"
      debugDocumentVersioning = "YES">
      <RemoteRunnable
         runnableDebuggingMode = "2"
         BundleIdentifier = "com.apple.springboard"
         RemotePath = "/CNNMoney">
         <BuildableReference
            BuildableIdentifier = "primary"
            BlueprintIdentifier = "3A4D8C9A1AB77963005ED6BF"
            BuildableName = "CNNMoney WatchKit App.app"
            BlueprintName = "CNNMoney WatchKit App"
            ReferencedContainer = "container:CNNMoney.xcodeproj">
         </BuildableReference>
      </RemoteRunnable>
      <MacroExpansion>
         <BuildableReference
            BuildableIdentifier = "primary"
            BlueprintIdentifier = "3A4D8C9A1AB77963005ED6BF"
            BuildableName = "CNNMoney WatchKit App.app"
            BlueprintName = "CNNMoney WatchKit App"
            ReferencedContainer = "container:CNNMoney.xcodeproj">
         </BuildableReference>
      </MacroExpansion>
   </ProfileAction>
   <AnalyzeAction
      buildConfiguration = "Debug">
   </AnalyzeAction>
   <ArchiveAction
      buildConfiguration = "Release"
      revealArchiveInOrganizer = "YES">
   </ArchiveAction>
</Scheme>
